// !$*UTF8*$!
{
	archiveVersion = 1;
	classes = {
	};
	objectVersion = 50;
	objects = {

/* Begin PBXBuildFile section */
		792B76892620A230005C9362 /* StartScreenViewController.swift in Sources */ = {isa = PBXBuildFile; fileRef = 792B76882620A230005C9362 /* StartScreenViewController.swift */; };
		79CD377B260FBE5B007E8753 /* AppDelegate.swift in Sources */ = {isa = PBXBuildFile; fileRef = 79CD377A260FBE5B007E8753 /* AppDelegate.swift */; };
		79CD377D260FBE5B007E8753 /* SceneDelegate.swift in Sources */ = {isa = PBXBuildFile; fileRef = 79CD377C260FBE5B007E8753 /* SceneDelegate.swift */; };
		79CD377F260FBE5B007E8753 /* MulticolorViewController.swift in Sources */ = {isa = PBXBuildFile; fileRef = 79CD377E260FBE5B007E8753 /* MulticolorViewController.swift */; };
		79CD3782260FBE5B007E8753 /* Main.storyboard in Resources */ = {isa = PBXBuildFile; fileRef = 79CD3780260FBE5B007E8753 /* Main.storyboard */; };
		79CD3784260FBE5D007E8753 /* Assets.xcassets in Resources */ = {isa = PBXBuildFile; fileRef = 79CD3783260FBE5D007E8753 /* Assets.xcassets */; };
		79CD3787260FBE5D007E8753 /* LaunchScreen.storyboard in Resources */ = {isa = PBXBuildFile; fileRef = 79CD3785260FBE5D007E8753 /* LaunchScreen.storyboard */; };
/* End PBXBuildFile section */

/* Begin PBXFileReference section */
		792B76882620A230005C9362 /* StartScreenViewController.swift */ = {isa = PBXFileReference; lastKnownFileType = sourcecode.swift; path = StartScreenViewController.swift; sourceTree = "<group>"; };
		79CD3777260FBE5B007E8753 /* Multicolor area.app */ = {isa = PBXFileReference; explicitFileType = wrapper.application; includeInIndex = 0; path = "Multicolor area.app"; sourceTree = BUILT_PRODUCTS_DIR; };
		79CD377A260FBE5B007E8753 /* AppDelegate.swift */ = {isa = PBXFileReference; lastKnownFileType = sourcecode.swift; path = AppDelegate.swift; sourceTree = "<group>"; };
		79CD377C260FBE5B007E8753 /* SceneDelegate.swift */ = {isa = PBXFileReference; lastKnownFileType = sourcecode.swift; path = SceneDelegate.swift; sourceTree = "<group>"; };
		79CD377E260FBE5B007E8753 /* MulticolorViewController.swift */ = {isa = PBXFileReference; lastKnownFileType = sourcecode.swift; path = MulticolorViewController.swift; sourceTree = "<group>"; };
		79CD3781260FBE5B007E8753 /* Base */ = {isa = PBXFileReference; lastKnownFileType = file.storyboard; name = Base; path = Base.lproj/Main.storyboard; sourceTree = "<group>"; };
		79CD3783260FBE5D007E8753 /* Assets.xcassets */ = {isa = PBXFileReference; lastKnownFileType = folder.assetcatalog; path = Assets.xcassets; sourceTree = "<group>"; };
		79CD3786260FBE5D007E8753 /* Base */ = {isa = PBXFileReference; lastKnownFileType = file.storyboard; name = Base; path = Base.lproj/LaunchScreen.storyboard; sourceTree = "<group>"; };
		79CD3788260FBE5D007E8753 /* Info.plist */ = {isa = PBXFileReference; lastKnownFileType = text.plist.xml; path = Info.plist; sourceTree = "<group>"; };
/* End PBXFileReference section */

/* Begin PBXFrameworksBuildPhase section */
		79CD3774260FBE5B007E8753 /* Frameworks */ = {
			isa = PBXFrameworksBuildPhase;
			buildActionMask = 2147483647;
			files = (
			);
			runOnlyForDeploymentPostprocessing = 0;
		};
/* End PBXFrameworksBuildPhase section */

/* Begin PBXGroup section */
		79021C5F262224DE008D3C19 /* Storyboards */ = {
			isa = PBXGroup;
			children = (
				79CD3780260FBE5B007E8753 /* Main.storyboard */,
				79CD3785260FBE5D007E8753 /* LaunchScreen.storyboard */,
			);
			path = Storyboards;
			sourceTree = "<group>";
		};
		79021C60262224EB008D3C19 /* View Controllers */ = {
			isa = PBXGroup;
			children = (
				792B76882620A230005C9362 /* StartScreenViewController.swift */,
				79CD377E260FBE5B007E8753 /* MulticolorViewController.swift */,
			);
			path = "View Controllers";
			sourceTree = "<group>";
		};
		79021C6226222522008D3C19 /* Supporting */ = {
			isa = PBXGroup;
			children = (
				79CD377A260FBE5B007E8753 /* AppDelegate.swift */,
				79CD377C260FBE5B007E8753 /* SceneDelegate.swift */,
				79CD3788260FBE5D007E8753 /* Info.plist */,
			);
			path = Supporting;
			sourceTree = "<group>";
		};
		79021C642622252B008D3C19 /* Resources */ = {
			isa = PBXGroup;
			children = (
				79CD3783260FBE5D007E8753 /* Assets.xcassets */,
			);
			path = Resources;
			sourceTree = "<group>";
		};
		79CD376E260FBE5B007E8753 = {
			isa = PBXGroup;
			children = (
				79CD3779260FBE5B007E8753 /* Multicolor area */,
				79CD3778260FBE5B007E8753 /* Products */,
			);
			sourceTree = "<group>";
		};
		79CD3778260FBE5B007E8753 /* Products */ = {
			isa = PBXGroup;
			children = (
				79CD3777260FBE5B007E8753 /* Multicolor area.app */,
			);
			name = Products;
			sourceTree = "<group>";
		};
		79CD3779260FBE5B007E8753 /* Multicolor area */ = {
			isa = PBXGroup;
			children = (
				79021C60262224EB008D3C19 /* View Controllers */,
				79021C5F262224DE008D3C19 /* Storyboards */,
				79021C6226222522008D3C19 /* Supporting */,
				79021C642622252B008D3C19 /* Resources */,
			);
			path = "Multicolor area";
			sourceTree = "<group>";
		};
/* End PBXGroup section */

/* Begin PBXNativeTarget section */
		79CD3776260FBE5B007E8753 /* Multicolor area */ = {
			isa = PBXNativeTarget;
			buildConfigurationList = 79CD378B260FBE5D007E8753 /* Build configuration list for PBXNativeTarget "Multicolor area" */;
			buildPhases = (
				79CD3773260FBE5B007E8753 /* Sources */,
				79CD3774260FBE5B007E8753 /* Frameworks */,
				79CD3775260FBE5B007E8753 /* Resources */,
			);
			buildRules = (
			);
			dependencies = (
			);
			name = "Multicolor area";
			productName = "Multicolor area";
			productReference = 79CD3777260FBE5B007E8753 /* Multicolor area.app */;
			productType = "com.apple.product-type.application";
		};
/* End PBXNativeTarget section */

/* Begin PBXProject section */
		79CD376F260FBE5B007E8753 /* Project object */ = {
			isa = PBXProject;
			attributes = {
				LastSwiftUpdateCheck = 1240;
				LastUpgradeCheck = 1240;
				TargetAttributes = {
					79CD3776260FBE5B007E8753 = {
						CreatedOnToolsVersion = 12.4;
					};
				};
			};
			buildConfigurationList = 79CD3772260FBE5B007E8753 /* Build configuration list for PBXProject "Multicolor area" */;
			compatibilityVersion = "Xcode 9.3";
			developmentRegion = en;
			hasScannedForEncodings = 0;
			knownRegions = (
				en,
				Base,
			);
			mainGroup = 79CD376E260FBE5B007E8753;
			productRefGroup = 79CD3778260FBE5B007E8753 /* Products */;
			projectDirPath = "";
			projectRoot = "";
			targets = (
				79CD3776260FBE5B007E8753 /* Multicolor area */,
			);
		};
/* End PBXProject section */

/* Begin PBXResourcesBuildPhase section */
		79CD3775260FBE5B007E8753 /* Resources */ = {
			isa = PBXResourcesBuildPhase;
			buildActionMask = 2147483647;
			files = (
				79CD3787260FBE5D007E8753 /* LaunchScreen.storyboard in Resources */,
				79CD3784260FBE5D007E8753 /* Assets.xcassets in Resources */,
				79CD3782260FBE5B007E8753 /* Main.storyboard in Resources */,
			);
			runOnlyForDeploymentPostprocessing = 0;
		};
/* End PBXResourcesBuildPhase section */

/* Begin PBXSourcesBuildPhase section */
		79CD3773260FBE5B007E8753 /* Sources */ = {
			isa = PBXSourcesBuildPhase;
			buildActionMask = 2147483647;
			files = (
				79CD377F260FBE5B007E8753 /* MulticolorViewController.swift in Sources */,
				79CD377B260FBE5B007E8753 /* AppDelegate.swift in Sources */,
				79CD377D260FBE5B007E8753 /* SceneDelegate.swift in Sources */,
				792B76892620A230005C9362 /* StartScreenViewController.swift in Sources */,
			);
			runOnlyForDeploymentPostprocessing = 0;
		};
/* End PBXSourcesBuildPhase section */

/* Begin PBXVariantGroup section */
		79CD3780260FBE5B007E8753 /* Main.storyboard */ = {
			isa = PBXVariantGroup;
			children = (
				79CD3781260FBE5B007E8753 /* Base */,
			);
			name = Main.storyboard;
			sourceTree = "<group>";
		};
		79CD3785260FBE5D007E8753 /* LaunchScreen.storyboard */ = {
			isa = PBXVariantGroup;
			children = (
				79CD3786260FBE5D007E8753 /* Base */,
			);
			name = LaunchScreen.storyboard;
			sourceTree = "<group>";
		};
/* End PBXVariantGroup section */

/* Begin XCBuildConfiguration section */
		79CD3789260FBE5D007E8753 /* Debug */ = {
			isa = XCBuildConfiguration;
			buildSettings = {
				ALWAYS_SEARCH_USER_PATHS = NO;
				CLANG_ANALYZER_NONNULL = YES;
				CLANG_ANALYZER_NUMBER_OBJECT_CONVERSION = YES_AGGRESSIVE;
				CLANG_CXX_LANGUAGE_STANDARD = "gnu++14";
				CLANG_CXX_LIBRARY = "libc++";
				CLANG_ENABLE_MODULES = YES;
				CLANG_ENABLE_OBJC_ARC = YES;
				CLANG_ENABLE_OBJC_WEAK = YES;
				CLANG_WARN_BLOCK_CAPTURE_AUTORELEASING = YES;
				CLANG_WARN_BOOL_CONVERSION = YES;
				CLANG_WARN_COMMA = YES;
				CLANG_WARN_CONSTANT_CONVERSION = YES;
				CLANG_WARN_DEPRECATED_OBJC_IMPLEMENTATIONS = YES;
				CLANG_WARN_DIRECT_OBJC_ISA_USAGE = YES_ERROR;
				CLANG_WARN_DOCUMENTATION_COMMENTS = YES;
				CLANG_WARN_EMPTY_BODY = YES;
				CLANG_WARN_ENUM_CONVERSION = YES;
				CLANG_WARN_INFINITE_RECURSION = YES;
				CLANG_WARN_INT_CONVERSION = YES;
				CLANG_WARN_NON_LITERAL_NULL_CONVERSION = YES;
				CLANG_WARN_OBJC_IMPLICIT_RETAIN_SELF = YES;
				CLANG_WARN_OBJC_LITERAL_CONVERSION = YES;
				CLANG_WARN_OBJC_ROOT_CLASS = YES_ERROR;
				CLANG_WARN_QUOTED_INCLUDE_IN_FRAMEWORK_HEADER = YES;
				CLANG_WARN_RANGE_LOOP_ANALYSIS = YES;
				CLANG_WARN_STRICT_PROTOTYPES = YES;
				CLANG_WARN_SUSPICIOUS_MOVE = YES;
				CLANG_WARN_UNGUARDED_AVAILABILITY = YES_AGGRESSIVE;
				CLANG_WARN_UNREACHABLE_CODE = YES;
				CLANG_WARN__DUPLICATE_METHOD_MATCH = YES;
				COPY_PHASE_STRIP = NO;
				DEBUG_INFORMATION_FORMAT = dwarf;
				ENABLE_STRICT_OBJC_MSGSEND = YES;
				ENABLE_TESTABILITY = YES;
				GCC_C_LANGUAGE_STANDARD = gnu11;
				GCC_DYNAMIC_NO_PIC = NO;
				GCC_NO_COMMON_BLOCKS = YES;
				GCC_OPTIMIZATION_LEVEL = 0;
				GCC_PREPROCESSOR_DEFINITIONS = (
					"DEBUG=1",
					"$(inherited)",
				);
				GCC_WARN_64_TO_32_BIT_CONVERSION = YES;
				GCC_WARN_ABOUT_RETURN_TYPE = YES_ERROR;
				GCC_WARN_UNDECLARED_SELECTOR = YES;
				GCC_WARN_UNINITIALIZED_AUTOS = YES_AGGRESSIVE;
				GCC_WARN_UNUSED_FUNCTION = YES;
				GCC_WARN_UNUSED_VARIABLE = YES;
				IPHONEOS_DEPLOYMENT_TARGET = 14.4;
				MTL_ENABLE_DEBUG_INFO = INCLUDE_SOURCE;
				MTL_FAST_MATH = YES;
				ONLY_ACTIVE_ARCH = YES;
				SDKROOT = iphoneos;
				SWIFT_ACTIVE_COMPILATION_CONDITIONS = DEBUG;
				SWIFT_OPTIMIZATION_LEVEL = "-Onone";
			};
			name = Debug;
		};
		79CD378A260FBE5D007E8753 /* Release */ = {
			isa = XCBuildConfiguration;
			buildSettings = {
				ALWAYS_SEARCH_USER_PATHS = NO;
				CLANG_ANALYZER_NONNULL = YES;
				CLANG_ANALYZER_NUMBER_OBJECT_CONVERSION = YES_AGGRESSIVE;
				CLANG_CXX_LANGUAGE_STANDARD = "gnu++14";
				CLANG_CXX_LIBRARY = "libc++";
				CLANG_ENABLE_MODULES = YES;
				CLANG_ENABLE_OBJC_ARC = YES;
				CLANG_ENABLE_OBJC_WEAK = YES;
				CLANG_WARN_BLOCK_CAPTURE_AUTORELEASING = YES;
				CLANG_WARN_BOOL_CONVERSION = YES;
				CLANG_WARN_COMMA = YES;
				CLANG_WARN_CONSTANT_CONVERSION = YES;
				CLANG_WARN_DEPRECATED_OBJC_IMPLEMENTATIONS = YES;
				CLANG_WARN_DIRECT_OBJC_ISA_USAGE = YES_ERROR;
				CLANG_WARN_DOCUMENTATION_COMMENTS = YES;
				CLANG_WARN_EMPTY_BODY = YES;
				CLANG_WARN_ENUM_CONVERSION = YES;
				CLANG_WARN_INFINITE_RECURSION = YES;
				CLANG_WARN_INT_CONVERSION = YES;
				CLANG_WARN_NON_LITERAL_NULL_CONVERSION = YES;
				CLANG_WARN_OBJC_IMPLICIT_RETAIN_SELF = YES;
				CLANG_WARN_OBJC_LITERAL_CONVERSION = YES;
				CLANG_WARN_OBJC_ROOT_CLASS = YES_ERROR;
				CLANG_WARN_QUOTED_INCLUDE_IN_FRAMEWORK_HEADER = YES;
				CLANG_WARN_RANGE_LOOP_ANALYSIS = YES;
				CLANG_WARN_STRICT_PROTOTYPES = YES;
				CLANG_WARN_SUSPICIOUS_MOVE = YES;
				CLANG_WARN_UNGUARDED_AVAILABILITY = YES_AGGRESSIVE;
				CLANG_WARN_UNREACHABLE_CODE = YES;
				CLANG_WARN__DUPLICATE_METHOD_MATCH = YES;
				COPY_PHASE_STRIP = NO;
				DEBUG_INFORMATION_FORMAT = "dwarf-with-dsym";
				ENABLE_NS_ASSERTIONS = NO;
				ENABLE_STRICT_OBJC_MSGSEND = YES;
				GCC_C_LANGUAGE_STANDARD = gnu11;
				GCC_NO_COMMON_BLOCKS = YES;
				GCC_WARN_64_TO_32_BIT_CONVERSION = YES;
				GCC_WARN_ABOUT_RETURN_TYPE = YES_ERROR;
				GCC_WARN_UNDECLARED_SELECTOR = YES;
				GCC_WARN_UNINITIALIZED_AUTOS = YES_AGGRESSIVE;
				GCC_WARN_UNUSED_FUNCTION = YES;
				GCC_WARN_UNUSED_VARIABLE = YES;
				IPHONEOS_DEPLOYMENT_TARGET = 14.4;
				MTL_ENABLE_DEBUG_INFO = NO;
				MTL_FAST_MATH = YES;
				SDKROOT = iphoneos;
				SWIFT_COMPILATION_MODE = wholemodule;
				SWIFT_OPTIMIZATION_LEVEL = "-O";
				VALIDATE_PRODUCT = YES;
			};
			name = Release;
		};
		79CD378C260FBE5D007E8753 /* Debug */ = {
			isa = XCBuildConfiguration;
			buildSettings = {
				ASSETCATALOG_COMPILER_APPICON_NAME = AppIcon;
				ASSETCATALOG_COMPILER_GLOBAL_ACCENT_COLOR_NAME = AccentColor;
				CODE_SIGN_STYLE = Automatic;
				DEVELOPMENT_TEAM = S4AD5RA4FS;
				INFOPLIST_FILE = "Multicolor area/Supporting/Info.plist";
				LD_RUNPATH_SEARCH_PATHS = (
					"$(inherited)",
					"@executable_path/Frameworks",
				);
				PRODUCT_BUNDLE_IDENTIFIER = "com.Marat-Shagiakhmetov.Multicolor-area";
				PRODUCT_NAME = "$(TARGET_NAME)";
				SWIFT_VERSION = 5.0;
				TARGETED_DEVICE_FAMILY = "1,2";
			};
			name = Debug;
		};
		79CD378D260FBE5D007E8753 /* Release */ = {
			isa = XCBuildConfiguration;
			buildSettings = {
				ASSETCATALOG_COMPILER_APPICON_NAME = AppIcon;
				ASSETCATALOG_COMPILER_GLOBAL_ACCENT_COLOR_NAME = AccentColor;
				CODE_SIGN_STYLE = Automatic;
				DEVELOPMENT_TEAM = S4AD5RA4FS;
				INFOPLIST_FILE = "Multicolor area/Supporting/Info.plist";
				LD_RUNPATH_SEARCH_PATHS = (
					"$(inherited)",
					"@executable_path/Frameworks",
				);
				PRODUCT_BUNDLE_IDENTIFIER = "com.Marat-Shagiakhmetov.Multicolor-area";
				PRODUCT_NAME = "$(TARGET_NAME)";
				SWIFT_VERSION = 5.0;
				TARGETED_DEVICE_FAMILY = "1,2";
			};
			name = Release;
		};
/* End XCBuildConfiguration section */

/* Begin XCConfigurationList section */
		79CD3772260FBE5B007E8753 /* Build configuration list for PBXProject "Multicolor area" */ = {
			isa = XCConfigurationList;
			buildConfigurations = (
				79CD3789260FBE5D007E8753 /* Debug */,
				79CD378A260FBE5D007E8753 /* Release */,
			);
			defaultConfigurationIsVisible = 0;
			defaultConfigurationName = Release;
		};
		79CD378B260FBE5D007E8753 /* Build configuration list for PBXNativeTarget "Multicolor area" */ = {
			isa = XCConfigurationList;
			buildConfigurations = (
				79CD378C260FBE5D007E8753 /* Debug */,
				79CD378D260FBE5D007E8753 /* Release */,
			);
			defaultConfigurationIsVisible = 0;
			defaultConfigurationName = Release;
		};
/* End XCConfigurationList section */
	};
	rootObject = 79CD376F260FBE5B007E8753 /* Project object */;
}
